
Microsoft Visual Studio Solution File, Format Version 12.00
# Visual Studio 2017
Project("{FAE04EC0-301F-11D3-BF4B-00C04F79EFBC}") = "Topicos.Plugins", "Topicos.Plugins.csproj", "{7AABF255-2147-43CE-33CF-44C994739488}"
EndProject
Project("{FAE04EC0-301F-11D3-BF4B-00C04F79EFBC}") = "Topicos", "Topicos.csproj", "{BF58D7DE-4E2C-2E03-735C-934B4CCCBDD1}"
EndProject
Project("{FAE04EC0-301F-11D3-BF4B-00C04F79EFBC}") = "Topicos.Editor.Plugins", "Topicos.Editor.Plugins.csproj", "{454D6AA9-D345-C092-41AC-F543CE773D02}"
EndProject
Global
	GlobalSection(SolutionConfigurationPlatforms) = preSolution
		Debug|Any CPU = Debug|Any CPU
		Release|Any CPU = Release|Any CPU
	EndGlobalSection
	GlobalSection(ProjectConfigurationPlatforms) = postSolution
		{7AABF255-2147-43CE-33CF-44C994739488}.Debug|Any CPU.ActiveCfg = Debug|Any CPU
		{7AABF255-2147-43CE-33CF-44C994739488}.Debug|Any CPU.Build.0 = Debug|Any CPU
		{7AABF255-2147-43CE-33CF-44C994739488}.Release|Any CPU.ActiveCfg = Release|Any CPU
		{7AABF255-2147-43CE-33CF-44C994739488}.Release|Any CPU.Build.0 = Release|Any CPU
		{BF58D7DE-4E2C-2E03-735C-934B4CCCBDD1}.Debug|Any CPU.ActiveCfg = Debug|Any CPU
		{BF58D7DE-4E2C-2E03-735C-934B4CCCBDD1}.Debug|Any CPU.Build.0 = Debug|Any CPU
		{BF58D7DE-4E2C-2E03-735C-934B4CCCBDD1}.Release|Any CPU.ActiveCfg = Release|Any CPU
		{BF58D7DE-4E2C-2E03-735C-934B4CCCBDD1}.Release|Any CPU.Build.0 = Release|Any CPU
		{454D6AA9-D345-C092-41AC-F543CE773D02}.Debug|Any CPU.ActiveCfg = Debug|Any CPU
		{454D6AA9-D345-C092-41AC-F543CE773D02}.Debug|Any CPU.Build.0 = Debug|Any CPU
		{454D6AA9-D345-C092-41AC-F543CE773D02}.Release|Any CPU.ActiveCfg = Release|Any CPU
		{454D6AA9-D345-C092-41AC-F543CE773D02}.Release|Any CPU.Build.0 = Release|Any CPU
	EndGlobalSection
	GlobalSection(SolutionProperties) = preSolution
		HideSolutionNode = FALSE
	EndGlobalSection
EndGlobal
